
Microsoft Visual Studio Solution File, Format Version 12.00
# Visual Studio Version 17
VisualStudioVersion = 17.5.002.0
MinimumVisualStudioVersion = 10.0.40219.1
Project("{2150E333-8FDC-42A3-9474-1A3956D46DE8}") = "UnityApp", "UnityApp", "{81B2FFA3-B577-45DF-AD04-DDC39391211A}"
EndProject
Project("{2150E333-8FDC-42A3-9474-1A3956D46DE8}") = "Assets", "Assets", "{8E0C198E-01AE-4079-B81B-DC7ABE5AFEFD}"
EndProject
Project("{2150E333-8FDC-42A3-9474-1A3956D46DE8}") = "Scripts", "Scripts", "{33727A4E-75F0-4D60-AFB2-97C09FBDCE31}"
EndProject
Project("{9A19103F-16F7-4668-BE54-9A1E7A4F7556}") = "MyWpfApp", "UnityApp\Assets\Scripts\WindowMain\MyWpfApp.csproj", "{93BB57A8-3C76-4203-8A86-E559DBE6875B}"
EndProject
Global
	GlobalSection(SolutionConfigurationPlatforms) = preSolution
		Debug|Any CPU = Debug|Any CPU
		Release|Any CPU = Release|Any CPU
	EndGlobalSection
	GlobalSection(ProjectConfigurationPlatforms) = postSolution
		{93BB57A8-3C76-4203-8A86-E559DBE6875B}.Debug|Any CPU.ActiveCfg = Debug|Any CPU
		{93BB57A8-3C76-4203-8A86-E559DBE6875B}.Debug|Any CPU.Build.0 = Debug|Any CPU
		{93BB57A8-3C76-4203-8A86-E559DBE6875B}.Release|Any CPU.ActiveCfg = Release|Any CPU
		{93BB57A8-3C76-4203-8A86-E559DBE6875B}.Release|Any CPU.Build.0 = Release|Any CPU
	EndGlobalSection
	GlobalSection(SolutionProperties) = preSolution
		HideSolutionNode = FALSE
	EndGlobalSection
	GlobalSection(NestedProjects) = preSolution
		{8E0C198E-01AE-4079-B81B-DC7ABE5AFEFD} = {81B2FFA3-B577-45DF-AD04-DDC39391211A}
		{33727A4E-75F0-4D60-AFB2-97C09FBDCE31} = {8E0C198E-01AE-4079-B81B-DC7ABE5AFEFD}
		{93BB57A8-3C76-4203-8A86-E559DBE6875B} = {33727A4E-75F0-4D60-AFB2-97C09FBDCE31}
	EndGlobalSection
	GlobalSection(ExtensibilityGlobals) = postSolution
		SolutionGuid = {2ABDC785-2A51-44A5-96F8-C48DBD676093}
	EndGlobalSection
EndGlobal
